{
  "originHash" : "504a68837e5809de78d40418c5bd097114a0ae5cb53b5a40cc3d33ff07b0da6d",
  "pins" : [
    {
      "identity" : "plaid-link-ios",
      "kind" : "remoteSourceControl",
      "location" : "https://github.com/plaid/plaid-link-ios",
      "state" : {
        "revision" : "9022e49010ca6eb2f625bb65990a7ba25f2429d5",
        "version" : "6.4.7"
      }
    }
  ],
  "version" : 3
}
